{
  "name": "@snowblind/docs",
  "version": "0.0.1",
  "lockfileVersion": 2,
  "requires": true,
  "packages": {
    "": {
      "name": "@snowblind/docs",
      "version": "0.0.1",
      "license": "MIT",
      "dependencies": {
        "@snowblind/core": "^1.2.0",
        "@snowblind/hooks": "^0.0.4"
      }
    },
    "node_modules/@snowblind/core": {
      "version": "1.2.0",
      "resolved": "https://registry.npmjs.org/@snowblind/core/-/core-1.2.0.tgz",
      "integrity": "sha512-cozmAVNlhx5U10+NEpAKd34yu+nMv8d60ubRCDAoi46R7umG6wFZys5Ipa9TiBbW+/ElzfnxdU5xT6sl+ho0DQ=="
    },
    "node_modules/@snowblind/hooks": {
      "version": "0.0.4",
      "resolved": "https://registry.npmjs.org/@snowblind/hooks/-/hooks-0.0.4.tgz",
      "integrity": "sha512-y5HfugtPtKIzFeCn88qJ7+ICvPuPr83oOVi68t5f8QwKCs0POq6J9/O0PGLDY/sJ8Y/h2tjqbPwWSBhK8SvJZg=="
    }
  },
  "dependencies": {
    "@snowblind/core": {
      "version": "1.2.0",
      "resolved": "https://registry.npmjs.org/@snowblind/core/-/core-1.2.0.tgz",
      "integrity": "sha512-cozmAVNlhx5U10+NEpAKd34yu+nMv8d60ubRCDAoi46R7umG6wFZys5Ipa9TiBbW+/ElzfnxdU5xT6sl+ho0DQ=="
    },
    "@snowblind/hooks": {
      "version": "0.0.4",
      "resolved": "https://registry.npmjs.org/@snowblind/hooks/-/hooks-0.0.4.tgz",
      "integrity": "sha512-y5HfugtPtKIzFeCn88qJ7+ICvPuPr83oOVi68t5f8QwKCs0POq6J9/O0PGLDY/sJ8Y/h2tjqbPwWSBhK8SvJZg=="
    }
  }
}
