{
	"name": "@snowblind/router",
	"version": "1.2.0",
	"lockfileVersion": 2,
	"requires": true,
	"packages": {
		"": {
			"name": "@snowblind/router",
			"version": "1.2.0",
			"license": "MIT",
			"dependencies": {
				"@snowblind/core": "^1.2.0"
			}
		},
		"node_modules/@snowblind/core": {
			"version": "1.2.0",
			"resolved": "https://registry.npmjs.org/@snowblind/core/-/core-1.2.0.tgz",
			"integrity": "sha512-cozmAVNlhx5U10+NEpAKd34yu+nMv8d60ubRCDAoi46R7umG6wFZys5Ipa9TiBbW+/ElzfnxdU5xT6sl+ho0DQ=="
		}
	},
	"dependencies": {
		"@snowblind/core": {
			"version": "1.2.0",
			"resolved": "https://registry.npmjs.org/@snowblind/core/-/core-1.2.0.tgz",
			"integrity": "sha512-cozmAVNlhx5U10+NEpAKd34yu+nMv8d60ubRCDAoi46R7umG6wFZys5Ipa9TiBbW+/ElzfnxdU5xT6sl+ho0DQ=="
		}
	}
}
