{
	"name": "@snowblind/hooks",
	"version": "0.0.1",
	"lockfileVersion": 2,
	"requires": true,
	"packages": {
		"": {
			"name": "@snowblind/hooks",
			"version": "0.0.1",
			"license": "MIT",
			"devDependencies": {
				"@snowblind/core": "^1.1.8"
			}
		},
		"node_modules/@snowblind/core": {
			"version": "1.1.8",
			"resolved": "https://registry.npmjs.org/@snowblind/core/-/core-1.1.8.tgz",
			"integrity": "sha512-XvEMVnFQxKZh6tqsr/Sp3HEvd0pxfhguQrBsQiyFhbOE6qHNYkFuqL7Fy7XcxJIICapBXW6IcVrhK+C0zOuGFQ==",
			"dev": true
		}
	},
	"dependencies": {
		"@snowblind/core": {
			"version": "1.1.8",
			"resolved": "https://registry.npmjs.org/@snowblind/core/-/core-1.1.8.tgz",
			"integrity": "sha512-XvEMVnFQxKZh6tqsr/Sp3HEvd0pxfhguQrBsQiyFhbOE6qHNYkFuqL7Fy7XcxJIICapBXW6IcVrhK+C0zOuGFQ==",
			"dev": true
		}
	}
}
