{
	"name": "@snowblind/hooks",
	"version": "0.0.1",
	"lockfileVersion": 2,
	"requires": true,
	"packages": {
		"": {
			"name": "@snowblind/hooks",
			"version": "0.0.1",
			"license": "MIT",
			"devDependencies": {
				"@snowblind/core": "^1.1.2"
			}
		},
		"node_modules/@snowblind/core": {
			"version": "1.1.5",
			"resolved": "https://registry.npmjs.org/@snowblind/core/-/core-1.1.5.tgz",
			"integrity": "sha512-GsP2h0rsDOZzhECNqvijqccPbB4dYME5f//pO+Uhe+H/TqL8YKB1xAhEN7N9wZ/pyhDnNJqsmfrk+qGJOqeO+A==",
			"dev": true
		}
	},
	"dependencies": {
		"@snowblind/core": {
			"version": "1.1.5",
			"resolved": "https://registry.npmjs.org/@snowblind/core/-/core-1.1.5.tgz",
			"integrity": "sha512-GsP2h0rsDOZzhECNqvijqccPbB4dYME5f//pO+Uhe+H/TqL8YKB1xAhEN7N9wZ/pyhDnNJqsmfrk+qGJOqeO+A==",
			"dev": true
		}
	}
}
